
Microsoft Visual Studio Solution File, Format Version 12.00
# Visual Studio Version 17
VisualStudioVersion = 17.5.002.0
MinimumVisualStudioVersion = 10.0.40219.1
Project("{9A19103F-16F7-4668-BE54-9A1E7A4F7556}") = "AppEmpresa", "AppEmpresa.csproj", "{CC1F8318-924F-4EF1-A0E9-7DD1AE43769E}"
EndProject
Global
	GlobalSection(SolutionConfigurationPlatforms) = preSolution
		Debug|Any CPU = Debug|Any CPU
		Release|Any CPU = Release|Any CPU
	EndGlobalSection
	GlobalSection(ProjectConfigurationPlatforms) = postSolution
		{CC1F8318-924F-4EF1-A0E9-7DD1AE43769E}.Debug|Any CPU.ActiveCfg = Debug|Any CPU
		{CC1F8318-924F-4EF1-A0E9-7DD1AE43769E}.Debug|Any CPU.Build.0 = Debug|Any CPU
		{CC1F8318-924F-4EF1-A0E9-7DD1AE43769E}.Release|Any CPU.ActiveCfg = Release|Any CPU
		{CC1F8318-924F-4EF1-A0E9-7DD1AE43769E}.Release|Any CPU.Build.0 = Release|Any CPU
	EndGlobalSection
	GlobalSection(SolutionProperties) = preSolution
		HideSolutionNode = FALSE
	EndGlobalSection
	GlobalSection(ExtensibilityGlobals) = postSolution
		SolutionGuid = {CE8897AE-3150-489A-9C19-8C629D9A6D9F}
	EndGlobalSection
EndGlobal
